
Microsoft Visual Studio Solution File, Format Version 12.00
# Visual Studio Version 17
VisualStudioVersion = 17.6.33723.286
MinimumVisualStudioVersion = 10.0.40219.1
Project("{9A19103F-16F7-4668-BE54-9A1E7A4F7556}") = "IMU.Perfomance.Api", "IMU.Perfomance.Api\IMU.Perfomance.Api.csproj", "{DBDFD5BD-C707-4796-ACF0-2DE97B6C8F3D}"
EndProject
Project("{00D1A9C2-B5F0-4AF3-8072-F6C62B433612}") = "IMU.Perfomance.Data", "IMU.Perfomance.Data\IMU.Perfomance.Data.sqlproj", "{EAE64C61-D760-4F7B-A29C-244F87F9E053}"
EndProject
Global
	GlobalSection(SolutionConfigurationPlatforms) = preSolution
		Debug|Any CPU = Debug|Any CPU
		Release|Any CPU = Release|Any CPU
	EndGlobalSection
	GlobalSection(ProjectConfigurationPlatforms) = postSolution
		{DBDFD5BD-C707-4796-ACF0-2DE97B6C8F3D}.Debug|Any CPU.ActiveCfg = Debug|Any CPU
		{DBDFD5BD-C707-4796-ACF0-2DE97B6C8F3D}.Debug|Any CPU.Build.0 = Debug|Any CPU
		{DBDFD5BD-C707-4796-ACF0-2DE97B6C8F3D}.Release|Any CPU.ActiveCfg = Release|Any CPU
		{DBDFD5BD-C707-4796-ACF0-2DE97B6C8F3D}.Release|Any CPU.Build.0 = Release|Any CPU
		{EAE64C61-D760-4F7B-A29C-244F87F9E053}.Debug|Any CPU.ActiveCfg = Debug|Any CPU
		{EAE64C61-D760-4F7B-A29C-244F87F9E053}.Debug|Any CPU.Build.0 = Debug|Any CPU
		{EAE64C61-D760-4F7B-A29C-244F87F9E053}.Debug|Any CPU.Deploy.0 = Debug|Any CPU
		{EAE64C61-D760-4F7B-A29C-244F87F9E053}.Release|Any CPU.ActiveCfg = Release|Any CPU
		{EAE64C61-D760-4F7B-A29C-244F87F9E053}.Release|Any CPU.Build.0 = Release|Any CPU
		{EAE64C61-D760-4F7B-A29C-244F87F9E053}.Release|Any CPU.Deploy.0 = Release|Any CPU
	EndGlobalSection
	GlobalSection(SolutionProperties) = preSolution
		HideSolutionNode = FALSE
	EndGlobalSection
	GlobalSection(ExtensibilityGlobals) = postSolution
		SolutionGuid = {88C80413-2E88-40B7-AD3B-4636718DB48D}
	EndGlobalSection
EndGlobal
